// !$*UTF8*$!
{
	archiveVersion = 1;
	classes = {
	};
	objectVersion = 77;
	objects = {

/* Begin PBXBuildFile section */
		182AD6682D8F50B9006F9F09 /* Lottie in Frameworks */ = {isa = PBXBuildFile; productRef = 182AD6672D8F50B9006F9F09 /* Lottie */; };
		1870B01A2D8BD224004B827B /* FirebaseAnalytics in Frameworks */ = {isa = PBXBuildFile; productRef = 1870B0192D8BD224004B827B /* FirebaseAnalytics */; };
		1870B01C2D8BD224004B827B /* FirebaseAnalyticsOnDeviceConversion in Frameworks */ = {isa = PBXBuildFile; productRef = 1870B01B2D8BD224004B827B /* FirebaseAnalyticsOnDeviceConversion */; };
		1870B01E2D8BD224004B827B /* FirebaseAnalyticsWithoutAdIdSupport in Frameworks */ = {isa = PBXBuildFile; productRef = 1870B01D2D8BD224004B827B /* FirebaseAnalyticsWithoutAdIdSupport */; };
		1870B0202D8BD224004B827B /* FirebaseAppCheck in Frameworks */ = {isa = PBXBuildFile; productRef = 1870B01F2D8BD224004B827B /* FirebaseAppCheck */; };
		1870B0222D8BD224004B827B /* FirebaseAppDistribution-Beta in Frameworks */ = {isa = PBXBuildFile; productRef = 1870B0212D8BD224004B827B /* FirebaseAppDistribution-Beta */; };
		1870B0242D8BD224004B827B /* FirebaseAuth in Frameworks */ = {isa = PBXBuildFile; productRef = 1870B0232D8BD224004B827B /* FirebaseAuth */; };
		1870B0262D8BD224004B827B /* FirebaseAuthCombine-Community in Frameworks */ = {isa = PBXBuildFile; productRef = 1870B0252D8BD224004B827B /* FirebaseAuthCombine-Community */; };
		1870B0282D8BD224004B827B /* FirebaseCore in Frameworks */ = {isa = PBXBuildFile; productRef = 1870B0272D8BD224004B827B /* FirebaseCore */; };
		1870B02A2D8BD224004B827B /* FirebaseCrashlytics in Frameworks */ = {isa = PBXBuildFile; productRef = 1870B0292D8BD224004B827B /* FirebaseCrashlytics */; };
		1870B02C2D8BD224004B827B /* FirebaseDatabase in Frameworks */ = {isa = PBXBuildFile; productRef = 1870B02B2D8BD224004B827B /* FirebaseDatabase */; };
		1870B02E2D8BD224004B827B /* FirebaseDynamicLinks in Frameworks */ = {isa = PBXBuildFile; productRef = 1870B02D2D8BD224004B827B /* FirebaseDynamicLinks */; };
		1870B0302D8BD224004B827B /* FirebaseFirestore in Frameworks */ = {isa = PBXBuildFile; productRef = 1870B02F2D8BD224004B827B /* FirebaseFirestore */; };
		1870B0322D8BD224004B827B /* FirebaseFirestoreCombine-Community in Frameworks */ = {isa = PBXBuildFile; productRef = 1870B0312D8BD224004B827B /* FirebaseFirestoreCombine-Community */; };
		1870B0342D8BD224004B827B /* FirebaseFunctions in Frameworks */ = {isa = PBXBuildFile; productRef = 1870B0332D8BD224004B827B /* FirebaseFunctions */; };
		1870B0362D8BD224004B827B /* FirebaseStorage in Frameworks */ = {isa = PBXBuildFile; productRef = 1870B0352D8BD224004B827B /* FirebaseStorage */; };
		1870B0382D8BD224004B827B /* FirebaseStorageCombine-Community in Frameworks */ = {isa = PBXBuildFile; productRef = 1870B0372D8BD224004B827B /* FirebaseStorageCombine-Community */; };
		187FE25A2D8EFEE100D58928 /* ShimmerEffect in Frameworks */ = {isa = PBXBuildFile; productRef = 187FE2592D8EFEE100D58928 /* ShimmerEffect */; };
		187FE25D2D8F4AAF00D58928 /* Shimmer in Frameworks */ = {isa = PBXBuildFile; productRef = 187FE25C2D8F4AAF00D58928 /* Shimmer */; };
/* End PBXBuildFile section */

/* Begin PBXContainerItemProxy section */
		1870AFC42D8BC860004B827B /* PBXContainerItemProxy */ = {
			isa = PBXContainerItemProxy;
			containerPortal = 1870AFAB2D8BC85E004B827B /* Project object */;
			proxyType = 1;
			remoteGlobalIDString = 1870AFB22D8BC85E004B827B;
			remoteInfo = osimono;
		};
		1870AFCE2D8BC860004B827B /* PBXContainerItemProxy */ = {
			isa = PBXContainerItemProxy;
			containerPortal = 1870AFAB2D8BC85E004B827B /* Project object */;
			proxyType = 1;
			remoteGlobalIDString = 1870AFB22D8BC85E004B827B;
			remoteInfo = osimono;
		};
/* End PBXContainerItemProxy section */

/* Begin PBXFileReference section */
		1870AFB32D8BC85E004B827B /* osimono.app */ = {isa = PBXFileReference; explicitFileType = wrapper.application; includeInIndex = 0; path = osimono.app; sourceTree = BUILT_PRODUCTS_DIR; };
		1870AFC32D8BC860004B827B /* osimonoTests.xctest */ = {isa = PBXFileReference; explicitFileType = wrapper.cfbundle; includeInIndex = 0; path = osimonoTests.xctest; sourceTree = BUILT_PRODUCTS_DIR; };
		1870AFCD2D8BC860004B827B /* osimonoUITests.xctest */ = {isa = PBXFileReference; explicitFileType = wrapper.cfbundle; includeInIndex = 0; path = osimonoUITests.xctest; sourceTree = BUILT_PRODUCTS_DIR; };
/* End PBXFileReference section */

/* Begin PBXFileSystemSynchronizedBuildFileExceptionSet section */
		18AB0D5D2DA244880047BB3B /* Exceptions for "osimono" folder in "osimono" target */ = {
			isa = PBXFileSystemSynchronizedBuildFileExceptionSet;
			membershipExceptions = (
				TimeLineView/TimelineMockupView.swift,
			);
			target = 1870AFB22D8BC85E004B827B /* osimono */;
		};
/* End PBXFileSystemSynchronizedBuildFileExceptionSet section */

/* Begin PBXFileSystemSynchronizedRootGroup section */
		1870AFB52D8BC85E004B827B /* osimono */ = {
			isa = PBXFileSystemSynchronizedRootGroup;
			exceptions = (
				18AB0D5D2DA244880047BB3B /* Exceptions for "osimono" folder in "osimono" target */,
			);
			path = osimono;
			sourceTree = "<group>";
		};
		1870AFC62D8BC860004B827B /* osimonoTests */ = {
			isa = PBXFileSystemSynchronizedRootGroup;
			path = osimonoTests;
			sourceTree = "<group>";
		};
		1870AFD02D8BC860004B827B /* osimonoUITests */ = {
			isa = PBXFileSystemSynchronizedRootGroup;
			path = osimonoUITests;
			sourceTree = "<group>";
		};
/* End PBXFileSystemSynchronizedRootGroup section */

/* Begin PBXFrameworksBuildPhase section */
		1870AFB02D8BC85E004B827B /* Frameworks */ = {
			isa = PBXFrameworksBuildPhase;
			buildActionMask = 2147483647;
			files = (
				1870B0322D8BD224004B827B /* FirebaseFirestoreCombine-Community in Frameworks */,
				1870B0342D8BD224004B827B /* FirebaseFunctions in Frameworks */,
				1870B02C2D8BD224004B827B /* FirebaseDatabase in Frameworks */,
				1870B02E2D8BD224004B827B /* FirebaseDynamicLinks in Frameworks */,
				1870B0202D8BD224004B827B /* FirebaseAppCheck in Frameworks */,
				1870B0242D8BD224004B827B /* FirebaseAuth in Frameworks */,
				1870B01A2D8BD224004B827B /* FirebaseAnalytics in Frameworks */,
				182AD6682D8F50B9006F9F09 /* Lottie in Frameworks */,
				1870B0302D8BD224004B827B /* FirebaseFirestore in Frameworks */,
				1870B0362D8BD224004B827B /* FirebaseStorage in Frameworks */,
				1870B0222D8BD224004B827B /* FirebaseAppDistribution-Beta in Frameworks */,
				1870B0382D8BD224004B827B /* FirebaseStorageCombine-Community in Frameworks */,
				1870B01E2D8BD224004B827B /* FirebaseAnalyticsWithoutAdIdSupport in Frameworks */,
				187FE25D2D8F4AAF00D58928 /* Shimmer in Frameworks */,
				187FE25A2D8EFEE100D58928 /* ShimmerEffect in Frameworks */,
				1870B0262D8BD224004B827B /* FirebaseAuthCombine-Community in Frameworks */,
				1870B02A2D8BD224004B827B /* FirebaseCrashlytics in Frameworks */,
				1870B0282D8BD224004B827B /* FirebaseCore in Frameworks */,
				1870B01C2D8BD224004B827B /* FirebaseAnalyticsOnDeviceConversion in Frameworks */,
			);
			runOnlyForDeploymentPostprocessing = 0;
		};
		1870AFC02D8BC860004B827B /* Frameworks */ = {
			isa = PBXFrameworksBuildPhase;
			buildActionMask = 2147483647;
			files = (
			);
			runOnlyForDeploymentPostprocessing = 0;
		};
		1870AFCA2D8BC860004B827B /* Frameworks */ = {
			isa = PBXFrameworksBuildPhase;
			buildActionMask = 2147483647;
			files = (
			);
			runOnlyForDeploymentPostprocessing = 0;
		};
/* End PBXFrameworksBuildPhase section */

/* Begin PBXGroup section */
		1813D8332DAA1EB000AB8CDA /* Frameworks */ = {
			isa = PBXGroup;
			children = (
			);
			name = Frameworks;
			sourceTree = "<group>";
		};
		1870AFAA2D8BC85E004B827B = {
			isa = PBXGroup;
			children = (
				1870AFB52D8BC85E004B827B /* osimono */,
				1870AFC62D8BC860004B827B /* osimonoTests */,
				1870AFD02D8BC860004B827B /* osimonoUITests */,
				1813D8332DAA1EB000AB8CDA /* Frameworks */,
				1870AFB42D8BC85E004B827B /* Products */,
			);
			sourceTree = "<group>";
		};
		1870AFB42D8BC85E004B827B /* Products */ = {
			isa = PBXGroup;
			children = (
				1870AFB32D8BC85E004B827B /* osimono.app */,
				1870AFC32D8BC860004B827B /* osimonoTests.xctest */,
				1870AFCD2D8BC860004B827B /* osimonoUITests.xctest */,
			);
			name = Products;
			sourceTree = "<group>";
		};
/* End PBXGroup section */

/* Begin PBXNativeTarget section */
		1870AFB22D8BC85E004B827B /* osimono */ = {
			isa = PBXNativeTarget;
			buildConfigurationList = 1870AFD72D8BC860004B827B /* Build configuration list for PBXNativeTarget "osimono" */;
			buildPhases = (
				1870AFAF2D8BC85E004B827B /* Sources */,
				1870AFB02D8BC85E004B827B /* Frameworks */,
				1870AFB12D8BC85E004B827B /* Resources */,
			);
			buildRules = (
			);
			dependencies = (
			);
			fileSystemSynchronizedGroups = (
				1870AFB52D8BC85E004B827B /* osimono */,
			);
			name = osimono;
			packageProductDependencies = (
				1870B0192D8BD224004B827B /* FirebaseAnalytics */,
				1870B01B2D8BD224004B827B /* FirebaseAnalyticsOnDeviceConversion */,
				1870B01D2D8BD224004B827B /* FirebaseAnalyticsWithoutAdIdSupport */,
				1870B01F2D8BD224004B827B /* FirebaseAppCheck */,
				1870B0212D8BD224004B827B /* FirebaseAppDistribution-Beta */,
				1870B0232D8BD224004B827B /* FirebaseAuth */,
				1870B0252D8BD224004B827B /* FirebaseAuthCombine-Community */,
				1870B0272D8BD224004B827B /* FirebaseCore */,
				1870B0292D8BD224004B827B /* FirebaseCrashlytics */,
				1870B02B2D8BD224004B827B /* FirebaseDatabase */,
				1870B02D2D8BD224004B827B /* FirebaseDynamicLinks */,
				1870B02F2D8BD224004B827B /* FirebaseFirestore */,
				1870B0312D8BD224004B827B /* FirebaseFirestoreCombine-Community */,
				1870B0332D8BD224004B827B /* FirebaseFunctions */,
				1870B0352D8BD224004B827B /* FirebaseStorage */,
				1870B0372D8BD224004B827B /* FirebaseStorageCombine-Community */,
				187FE2592D8EFEE100D58928 /* ShimmerEffect */,
				187FE25C2D8F4AAF00D58928 /* Shimmer */,
				182AD6672D8F50B9006F9F09 /* Lottie */,
			);
			productName = osimono;
			productReference = 1870AFB32D8BC85E004B827B /* osimono.app */;
			productType = "com.apple.product-type.application";
		};
		1870AFC22D8BC860004B827B /* osimonoTests */ = {
			isa = PBXNativeTarget;
			buildConfigurationList = 1870AFDA2D8BC860004B827B /* Build configuration list for PBXNativeTarget "osimonoTests" */;
			buildPhases = (
				1870AFBF2D8BC860004B827B /* Sources */,
				1870AFC02D8BC860004B827B /* Frameworks */,
				1870AFC12D8BC860004B827B /* Resources */,
			);
			buildRules = (
			);
			dependencies = (
				1870AFC52D8BC860004B827B /* PBXTargetDependency */,
			);
			fileSystemSynchronizedGroups = (
				1870AFC62D8BC860004B827B /* osimonoTests */,
			);
			name = osimonoTests;
			packageProductDependencies = (
			);
			productName = osimonoTests;
			productReference = 1870AFC32D8BC860004B827B /* osimonoTests.xctest */;
			productType = "com.apple.product-type.bundle.unit-test";
		};
		1870AFCC2D8BC860004B827B /* osimonoUITests */ = {
			isa = PBXNativeTarget;
			buildConfigurationList = 1870AFDD2D8BC860004B827B /* Build configuration list for PBXNativeTarget "osimonoUITests" */;
			buildPhases = (
				1870AFC92D8BC860004B827B /* Sources */,
				1870AFCA2D8BC860004B827B /* Frameworks */,
				1870AFCB2D8BC860004B827B /* Resources */,
			);
			buildRules = (
			);
			dependencies = (
				1870AFCF2D8BC860004B827B /* PBXTargetDependency */,
			);
			fileSystemSynchronizedGroups = (
				1870AFD02D8BC860004B827B /* osimonoUITests */,
			);
			name = osimonoUITests;
			packageProductDependencies = (
			);
			productName = osimonoUITests;
			productReference = 1870AFCD2D8BC860004B827B /* osimonoUITests.xctest */;
			productType = "com.apple.product-type.bundle.ui-testing";
		};
/* End PBXNativeTarget section */

/* Begin PBXProject section */
		1870AFAB2D8BC85E004B827B /* Project object */ = {
			isa = PBXProject;
			attributes = {
				BuildIndependentTargetsInParallel = 1;
				LastSwiftUpdateCheck = 1620;
				LastUpgradeCheck = 1620;
				TargetAttributes = {
					1870AFB22D8BC85E004B827B = {
						CreatedOnToolsVersion = 16.2;
					};
					1870AFC22D8BC860004B827B = {
						CreatedOnToolsVersion = 16.2;
						TestTargetID = 1870AFB22D8BC85E004B827B;
					};
					1870AFCC2D8BC860004B827B = {
						CreatedOnToolsVersion = 16.2;
						TestTargetID = 1870AFB22D8BC85E004B827B;
					};
				};
			};
			buildConfigurationList = 1870AFAE2D8BC85E004B827B /* Build configuration list for PBXProject "osimono" */;
			developmentRegion = en;
			hasScannedForEncodings = 0;
			knownRegions = (
				en,
				Base,
			);
			mainGroup = 1870AFAA2D8BC85E004B827B;
			minimizedProjectReferenceProxies = 1;
			packageReferences = (
				1870AFF62D8BCEA9004B827B /* XCRemoteSwiftPackageReference "firebase-ios-sdk" */,
				187FE2582D8EFEE100D58928 /* XCRemoteSwiftPackageReference "Shimmer-SwiftUI-Modifier" */,
				187FE25B2D8F4AAF00D58928 /* XCRemoteSwiftPackageReference "SwiftUI-Shimmer" */,
				182AD6662D8F50B9006F9F09 /* XCRemoteSwiftPackageReference "lottie-ios" */,
			);
			preferredProjectObjectVersion = 77;
			productRefGroup = 1870AFB42D8BC85E004B827B /* Products */;
			projectDirPath = "";
			projectRoot = "";
			targets = (
				1870AFB22D8BC85E004B827B /* osimono */,
				1870AFC22D8BC860004B827B /* osimonoTests */,
				1870AFCC2D8BC860004B827B /* osimonoUITests */,
			);
		};
/* End PBXProject section */

/* Begin PBXResourcesBuildPhase section */
		1870AFB12D8BC85E004B827B /* Resources */ = {
			isa = PBXResourcesBuildPhase;
			buildActionMask = 2147483647;
			files = (
			);
			runOnlyForDeploymentPostprocessing = 0;
		};
		1870AFC12D8BC860004B827B /* Resources */ = {
			isa = PBXResourcesBuildPhase;
			buildActionMask = 2147483647;
			files = (
			);
			runOnlyForDeploymentPostprocessing = 0;
		};
		1870AFCB2D8BC860004B827B /* Resources */ = {
			isa = PBXResourcesBuildPhase;
			buildActionMask = 2147483647;
			files = (
			);
			runOnlyForDeploymentPostprocessing = 0;
		};
/* End PBXResourcesBuildPhase section */

/* Begin PBXSourcesBuildPhase section */
		1870AFAF2D8BC85E004B827B /* Sources */ = {
			isa = PBXSourcesBuildPhase;
			buildActionMask = 2147483647;
			files = (
			);
			runOnlyForDeploymentPostprocessing = 0;
		};
		1870AFBF2D8BC860004B827B /* Sources */ = {
			isa = PBXSourcesBuildPhase;
			buildActionMask = 2147483647;
			files = (
			);
			runOnlyForDeploymentPostprocessing = 0;
		};
		1870AFC92D8BC860004B827B /* Sources */ = {
			isa = PBXSourcesBuildPhase;
			buildActionMask = 2147483647;
			files = (
			);
			runOnlyForDeploymentPostprocessing = 0;
		};
/* End PBXSourcesBuildPhase section */

/* Begin PBXTargetDependency section */
		1870AFC52D8BC860004B827B /* PBXTargetDependency */ = {
			isa = PBXTargetDependency;
			target = 1870AFB22D8BC85E004B827B /* osimono */;
			targetProxy = 1870AFC42D8BC860004B827B /* PBXContainerItemProxy */;
		};
		1870AFCF2D8BC860004B827B /* PBXTargetDependency */ = {
			isa = PBXTargetDependency;
			target = 1870AFB22D8BC85E004B827B /* osimono */;
			targetProxy = 1870AFCE2D8BC860004B827B /* PBXContainerItemProxy */;
		};
/* End PBXTargetDependency section */

/* Begin XCBuildConfiguration section */
		1870AFD52D8BC860004B827B /* Debug */ = {
			isa = XCBuildConfiguration;
			buildSettings = {
				ALWAYS_SEARCH_USER_PATHS = NO;
				ASSETCATALOG_COMPILER_GENERATE_SWIFT_ASSET_SYMBOL_EXTENSIONS = YES;
				CLANG_ANALYZER_NONNULL = YES;
				CLANG_ANALYZER_NUMBER_OBJECT_CONVERSION = YES_AGGRESSIVE;
				CLANG_CXX_LANGUAGE_STANDARD = "gnu++20";
				CLANG_ENABLE_MODULES = YES;
				CLANG_ENABLE_OBJC_ARC = YES;
				CLANG_ENABLE_OBJC_WEAK = YES;
				CLANG_WARN_BLOCK_CAPTURE_AUTORELEASING = YES;
				CLANG_WARN_BOOL_CONVERSION = YES;
				CLANG_WARN_COMMA = YES;
				CLANG_WARN_CONSTANT_CONVERSION = YES;
				CLANG_WARN_DEPRECATED_OBJC_IMPLEMENTATIONS = YES;
				CLANG_WARN_DIRECT_OBJC_ISA_USAGE = YES_ERROR;
				CLANG_WARN_DOCUMENTATION_COMMENTS = YES;
				CLANG_WARN_EMPTY_BODY = YES;
				CLANG_WARN_ENUM_CONVERSION = YES;
				CLANG_WARN_INFINITE_RECURSION = YES;
				CLANG_WARN_INT_CONVERSION = YES;
				CLANG_WARN_NON_LITERAL_NULL_CONVERSION = YES;
				CLANG_WARN_OBJC_IMPLICIT_RETAIN_SELF = YES;
				CLANG_WARN_OBJC_LITERAL_CONVERSION = YES;
				CLANG_WARN_OBJC_ROOT_CLASS = YES_ERROR;
				CLANG_WARN_QUOTED_INCLUDE_IN_FRAMEWORK_HEADER = YES;
				CLANG_WARN_RANGE_LOOP_ANALYSIS = YES;
				CLANG_WARN_STRICT_PROTOTYPES = YES;
				CLANG_WARN_SUSPICIOUS_MOVE = YES;
				CLANG_WARN_UNGUARDED_AVAILABILITY = YES_AGGRESSIVE;
				CLANG_WARN_UNREACHABLE_CODE = YES;
				CLANG_WARN__DUPLICATE_METHOD_MATCH = YES;
				COPY_PHASE_STRIP = NO;
				DEBUG_INFORMATION_FORMAT = dwarf;
				ENABLE_STRICT_OBJC_MSGSEND = YES;
				ENABLE_TESTABILITY = YES;
				ENABLE_USER_SCRIPT_SANDBOXING = YES;
				GCC_C_LANGUAGE_STANDARD = gnu17;
				GCC_DYNAMIC_NO_PIC = NO;
				GCC_NO_COMMON_BLOCKS = YES;
				GCC_OPTIMIZATION_LEVEL = 0;
				GCC_PREPROCESSOR_DEFINITIONS = (
					"DEBUG=1",
					"$(inherited)",
				);
				GCC_WARN_64_TO_32_BIT_CONVERSION = YES;
				GCC_WARN_ABOUT_RETURN_TYPE = YES_ERROR;
				GCC_WARN_UNDECLARED_SELECTOR = YES;
				GCC_WARN_UNINITIALIZED_AUTOS = YES_AGGRESSIVE;
				GCC_WARN_UNUSED_FUNCTION = YES;
				GCC_WARN_UNUSED_VARIABLE = YES;
				IPHONEOS_DEPLOYMENT_TARGET = 18.2;
				LOCALIZATION_PREFERS_STRING_CATALOGS = YES;
				MTL_ENABLE_DEBUG_INFO = INCLUDE_SOURCE;
				MTL_FAST_MATH = YES;
				ONLY_ACTIVE_ARCH = YES;
				SDKROOT = iphoneos;
				SWIFT_ACTIVE_COMPILATION_CONDITIONS = "DEBUG $(inherited)";
				SWIFT_OPTIMIZATION_LEVEL = "-Onone";
			};
			name = Debug;
		};
		1870AFD62D8BC860004B827B /* Release */ = {
			isa = XCBuildConfiguration;
			buildSettings = {
				ALWAYS_SEARCH_USER_PATHS = NO;
				ASSETCATALOG_COMPILER_GENERATE_SWIFT_ASSET_SYMBOL_EXTENSIONS = YES;
				CLANG_ANALYZER_NONNULL = YES;
				CLANG_ANALYZER_NUMBER_OBJECT_CONVERSION = YES_AGGRESSIVE;
				CLANG_CXX_LANGUAGE_STANDARD = "gnu++20";
				CLANG_ENABLE_MODULES = YES;
				CLANG_ENABLE_OBJC_ARC = YES;
				CLANG_ENABLE_OBJC_WEAK = YES;
				CLANG_WARN_BLOCK_CAPTURE_AUTORELEASING = YES;
				CLANG_WARN_BOOL_CONVERSION = YES;
				CLANG_WARN_COMMA = YES;
				CLANG_WARN_CONSTANT_CONVERSION = YES;
				CLANG_WARN_DEPRECATED_OBJC_IMPLEMENTATIONS = YES;
				CLANG_WARN_DIRECT_OBJC_ISA_USAGE = YES_ERROR;
				CLANG_WARN_DOCUMENTATION_COMMENTS = YES;
				CLANG_WARN_EMPTY_BODY = YES;
				CLANG_WARN_ENUM_CONVERSION = YES;
				CLANG_WARN_INFINITE_RECURSION = YES;
				CLANG_WARN_INT_CONVERSION = YES;
				CLANG_WARN_NON_LITERAL_NULL_CONVERSION = YES;
				CLANG_WARN_OBJC_IMPLICIT_RETAIN_SELF = YES;
				CLANG_WARN_OBJC_LITERAL_CONVERSION = YES;
				CLANG_WARN_OBJC_ROOT_CLASS = YES_ERROR;
				CLANG_WARN_QUOTED_INCLUDE_IN_FRAMEWORK_HEADER = YES;
				CLANG_WARN_RANGE_LOOP_ANALYSIS = YES;
				CLANG_WARN_STRICT_PROTOTYPES = YES;
				CLANG_WARN_SUSPICIOUS_MOVE = YES;
				CLANG_WARN_UNGUARDED_AVAILABILITY = YES_AGGRESSIVE;
				CLANG_WARN_UNREACHABLE_CODE = YES;
				CLANG_WARN__DUPLICATE_METHOD_MATCH = YES;
				COPY_PHASE_STRIP = NO;
				DEBUG_INFORMATION_FORMAT = "dwarf-with-dsym";
				ENABLE_NS_ASSERTIONS = NO;
				ENABLE_STRICT_OBJC_MSGSEND = YES;
				ENABLE_USER_SCRIPT_SANDBOXING = YES;
				GCC_C_LANGUAGE_STANDARD = gnu17;
				GCC_NO_COMMON_BLOCKS = YES;
				GCC_WARN_64_TO_32_BIT_CONVERSION = YES;
				GCC_WARN_ABOUT_RETURN_TYPE = YES_ERROR;
				GCC_WARN_UNDECLARED_SELECTOR = YES;
				GCC_WARN_UNINITIALIZED_AUTOS = YES_AGGRESSIVE;
				GCC_WARN_UNUSED_FUNCTION = YES;
				GCC_WARN_UNUSED_VARIABLE = YES;
				IPHONEOS_DEPLOYMENT_TARGET = 18.2;
				LOCALIZATION_PREFERS_STRING_CATALOGS = YES;
				MTL_ENABLE_DEBUG_INFO = NO;
				MTL_FAST_MATH = YES;
				SDKROOT = iphoneos;
				SWIFT_COMPILATION_MODE = wholemodule;
				VALIDATE_PRODUCT = YES;
			};
			name = Release;
		};
		1870AFD82D8BC860004B827B /* Debug */ = {
			isa = XCBuildConfiguration;
			buildSettings = {
				ASSETCATALOG_COMPILER_APPICON_NAME = AppIcon;
				ASSETCATALOG_COMPILER_GLOBAL_ACCENT_COLOR_NAME = AccentColor;
				CODE_SIGN_STYLE = Automatic;
				CURRENT_PROJECT_VERSION = 1;
				DEVELOPMENT_ASSET_PATHS = "\"osimono/Preview Content\"";
				DEVELOPMENT_TEAM = F3XS565TSX;
				ENABLE_PREVIEWS = YES;
				GENERATE_INFOPLIST_FILE = YES;
				INFOPLIST_KEY_NSLocationWhenInUseUsageDescription = "このアプリでは、現在地を取得して地図表示やサービスの提供に利用します。";
				INFOPLIST_KEY_UIApplicationSceneManifest_Generation = YES;
				INFOPLIST_KEY_UIApplicationSupportsIndirectInputEvents = YES;
				INFOPLIST_KEY_UILaunchScreen_Generation = YES;
				INFOPLIST_KEY_UISupportedInterfaceOrientations_iPad = "UIInterfaceOrientationPortrait UIInterfaceOrientationPortraitUpsideDown UIInterfaceOrientationLandscapeLeft UIInterfaceOrientationLandscapeRight";
				INFOPLIST_KEY_UISupportedInterfaceOrientations_iPhone = "UIInterfaceOrientationPortrait UIInterfaceOrientationLandscapeLeft UIInterfaceOrientationLandscapeRight";
				IPHONEOS_DEPLOYMENT_TARGET = 16.0;
				LD_RUNPATH_SEARCH_PATHS = (
					"$(inherited)",
					"@executable_path/Frameworks",
				);
				MARKETING_VERSION = 1.0;
				PRODUCT_BUNDLE_IDENTIFIER = "Swift-Beginners-app.osimono";
				PRODUCT_NAME = "$(TARGET_NAME)";
				SWIFT_EMIT_LOC_STRINGS = YES;
				SWIFT_VERSION = 5.0;
				TARGETED_DEVICE_FAMILY = "1,2";
			};
			name = Debug;
		};
		1870AFD92D8BC860004B827B /* Release */ = {
			isa = XCBuildConfiguration;
			buildSettings = {
				ASSETCATALOG_COMPILER_APPICON_NAME = AppIcon;
				ASSETCATALOG_COMPILER_GLOBAL_ACCENT_COLOR_NAME = AccentColor;
				CODE_SIGN_STYLE = Automatic;
				CURRENT_PROJECT_VERSION = 1;
				DEVELOPMENT_ASSET_PATHS = "\"osimono/Preview Content\"";
				DEVELOPMENT_TEAM = F3XS565TSX;
				ENABLE_PREVIEWS = YES;
				GENERATE_INFOPLIST_FILE = YES;
				INFOPLIST_KEY_NSLocationWhenInUseUsageDescription = "このアプリでは、現在地を取得して地図表示やサービスの提供に利用します。";
				INFOPLIST_KEY_UIApplicationSceneManifest_Generation = YES;
				INFOPLIST_KEY_UIApplicationSupportsIndirectInputEvents = YES;
				INFOPLIST_KEY_UILaunchScreen_Generation = YES;
				INFOPLIST_KEY_UISupportedInterfaceOrientations_iPad = "UIInterfaceOrientationPortrait UIInterfaceOrientationPortraitUpsideDown UIInterfaceOrientationLandscapeLeft UIInterfaceOrientationLandscapeRight";
				INFOPLIST_KEY_UISupportedInterfaceOrientations_iPhone = "UIInterfaceOrientationPortrait UIInterfaceOrientationLandscapeLeft UIInterfaceOrientationLandscapeRight";
				IPHONEOS_DEPLOYMENT_TARGET = 16.0;
				LD_RUNPATH_SEARCH_PATHS = (
					"$(inherited)",
					"@executable_path/Frameworks",
				);
				MARKETING_VERSION = 1.0;
				PRODUCT_BUNDLE_IDENTIFIER = "Swift-Beginners-app.osimono";
				PRODUCT_NAME = "$(TARGET_NAME)";
				SWIFT_EMIT_LOC_STRINGS = YES;
				SWIFT_VERSION = 5.0;
				TARGETED_DEVICE_FAMILY = "1,2";
			};
			name = Release;
		};
		1870AFDB2D8BC860004B827B /* Debug */ = {
			isa = XCBuildConfiguration;
			buildSettings = {
				BUNDLE_LOADER = "$(TEST_HOST)";
				CODE_SIGN_STYLE = Automatic;
				CURRENT_PROJECT_VERSION = 1;
				DEVELOPMENT_TEAM = F3XS565TSX;
				GENERATE_INFOPLIST_FILE = YES;
				IPHONEOS_DEPLOYMENT_TARGET = 18.2;
				MARKETING_VERSION = 1.0;
				PRODUCT_BUNDLE_IDENTIFIER = "Swift-Beginners-app.osimonoTests";
				PRODUCT_NAME = "$(TARGET_NAME)";
				SWIFT_EMIT_LOC_STRINGS = NO;
				SWIFT_VERSION = 5.0;
				TARGETED_DEVICE_FAMILY = "1,2";
				TEST_HOST = "$(BUILT_PRODUCTS_DIR)/osimono.app/$(BUNDLE_EXECUTABLE_FOLDER_PATH)/osimono";
			};
			name = Debug;
		};
		1870AFDC2D8BC860004B827B /* Release */ = {
			isa = XCBuildConfiguration;
			buildSettings = {
				BUNDLE_LOADER = "$(TEST_HOST)";
				CODE_SIGN_STYLE = Automatic;
				CURRENT_PROJECT_VERSION = 1;
				DEVELOPMENT_TEAM = F3XS565TSX;
				GENERATE_INFOPLIST_FILE = YES;
				IPHONEOS_DEPLOYMENT_TARGET = 18.2;
				MARKETING_VERSION = 1.0;
				PRODUCT_BUNDLE_IDENTIFIER = "Swift-Beginners-app.osimonoTests";
				PRODUCT_NAME = "$(TARGET_NAME)";
				SWIFT_EMIT_LOC_STRINGS = NO;
				SWIFT_VERSION = 5.0;
				TARGETED_DEVICE_FAMILY = "1,2";
				TEST_HOST = "$(BUILT_PRODUCTS_DIR)/osimono.app/$(BUNDLE_EXECUTABLE_FOLDER_PATH)/osimono";
			};
			name = Release;
		};
		1870AFDE2D8BC860004B827B /* Debug */ = {
			isa = XCBuildConfiguration;
			buildSettings = {
				CODE_SIGN_STYLE = Automatic;
				CURRENT_PROJECT_VERSION = 1;
				DEVELOPMENT_TEAM = F3XS565TSX;
				GENERATE_INFOPLIST_FILE = YES;
				MARKETING_VERSION = 1.0;
				PRODUCT_BUNDLE_IDENTIFIER = "Swift-Beginners-app.osimonoUITests";
				PRODUCT_NAME = "$(TARGET_NAME)";
				SWIFT_EMIT_LOC_STRINGS = NO;
				SWIFT_VERSION = 5.0;
				TARGETED_DEVICE_FAMILY = "1,2";
				TEST_TARGET_NAME = osimono;
			};
			name = Debug;
		};
		1870AFDF2D8BC860004B827B /* Release */ = {
			isa = XCBuildConfiguration;
			buildSettings = {
				CODE_SIGN_STYLE = Automatic;
				CURRENT_PROJECT_VERSION = 1;
				DEVELOPMENT_TEAM = F3XS565TSX;
				GENERATE_INFOPLIST_FILE = YES;
				MARKETING_VERSION = 1.0;
				PRODUCT_BUNDLE_IDENTIFIER = "Swift-Beginners-app.osimonoUITests";
				PRODUCT_NAME = "$(TARGET_NAME)";
				SWIFT_EMIT_LOC_STRINGS = NO;
				SWIFT_VERSION = 5.0;
				TARGETED_DEVICE_FAMILY = "1,2";
				TEST_TARGET_NAME = osimono;
			};
			name = Release;
		};
/* End XCBuildConfiguration section */

/* Begin XCConfigurationList section */
		1870AFAE2D8BC85E004B827B /* Build configuration list for PBXProject "osimono" */ = {
			isa = XCConfigurationList;
			buildConfigurations = (
				1870AFD52D8BC860004B827B /* Debug */,
				1870AFD62D8BC860004B827B /* Release */,
			);
			defaultConfigurationIsVisible = 0;
			defaultConfigurationName = Release;
		};
		1870AFD72D8BC860004B827B /* Build configuration list for PBXNativeTarget "osimono" */ = {
			isa = XCConfigurationList;
			buildConfigurations = (
				1870AFD82D8BC860004B827B /* Debug */,
				1870AFD92D8BC860004B827B /* Release */,
			);
			defaultConfigurationIsVisible = 0;
			defaultConfigurationName = Release;
		};
		1870AFDA2D8BC860004B827B /* Build configuration list for PBXNativeTarget "osimonoTests" */ = {
			isa = XCConfigurationList;
			buildConfigurations = (
				1870AFDB2D8BC860004B827B /* Debug */,
				1870AFDC2D8BC860004B827B /* Release */,
			);
			defaultConfigurationIsVisible = 0;
			defaultConfigurationName = Release;
		};
		1870AFDD2D8BC860004B827B /* Build configuration list for PBXNativeTarget "osimonoUITests" */ = {
			isa = XCConfigurationList;
			buildConfigurations = (
				1870AFDE2D8BC860004B827B /* Debug */,
				1870AFDF2D8BC860004B827B /* Release */,
			);
			defaultConfigurationIsVisible = 0;
			defaultConfigurationName = Release;
		};
/* End XCConfigurationList section */

/* Begin XCRemoteSwiftPackageReference section */
		182AD6662D8F50B9006F9F09 /* XCRemoteSwiftPackageReference "lottie-ios" */ = {
			isa = XCRemoteSwiftPackageReference;
			repositoryURL = "https://github.com/airbnb/lottie-ios.git";
			requirement = {
				kind = upToNextMajorVersion;
				minimumVersion = 4.5.1;
			};
		};
		1870AFF62D8BCEA9004B827B /* XCRemoteSwiftPackageReference "firebase-ios-sdk" */ = {
			isa = XCRemoteSwiftPackageReference;
			repositoryURL = "https://github.com/firebase/firebase-ios-sdk";
			requirement = {
				kind = upToNextMajorVersion;
				minimumVersion = 11.10.0;
			};
		};
		187FE2582D8EFEE100D58928 /* XCRemoteSwiftPackageReference "Shimmer-SwiftUI-Modifier" */ = {
			isa = XCRemoteSwiftPackageReference;
			repositoryURL = "https://github.com/0xYanis/Shimmer-SwiftUI-Modifier.git";
			requirement = {
				branch = main;
				kind = branch;
			};
		};
		187FE25B2D8F4AAF00D58928 /* XCRemoteSwiftPackageReference "SwiftUI-Shimmer" */ = {
			isa = XCRemoteSwiftPackageReference;
			repositoryURL = "https://github.com/markiv/SwiftUI-Shimmer";
			requirement = {
				kind = upToNextMajorVersion;
				minimumVersion = 1.5.1;
			};
		};
/* End XCRemoteSwiftPackageReference section */

/* Begin XCSwiftPackageProductDependency section */
		182AD6672D8F50B9006F9F09 /* Lottie */ = {
			isa = XCSwiftPackageProductDependency;
			package = 182AD6662D8F50B9006F9F09 /* XCRemoteSwiftPackageReference "lottie-ios" */;
			productName = Lottie;
		};
		1870B0192D8BD224004B827B /* FirebaseAnalytics */ = {
			isa = XCSwiftPackageProductDependency;
			productName = FirebaseAnalytics;
		};
		1870B01B2D8BD224004B827B /* FirebaseAnalyticsOnDeviceConversion */ = {
			isa = XCSwiftPackageProductDependency;
			productName = FirebaseAnalyticsOnDeviceConversion;
		};
		1870B01D2D8BD224004B827B /* FirebaseAnalyticsWithoutAdIdSupport */ = {
			isa = XCSwiftPackageProductDependency;
			productName = FirebaseAnalyticsWithoutAdIdSupport;
		};
		1870B01F2D8BD224004B827B /* FirebaseAppCheck */ = {
			isa = XCSwiftPackageProductDependency;
			productName = FirebaseAppCheck;
		};
		1870B0212D8BD224004B827B /* FirebaseAppDistribution-Beta */ = {
			isa = XCSwiftPackageProductDependency;
			productName = "FirebaseAppDistribution-Beta";
		};
		1870B0232D8BD224004B827B /* FirebaseAuth */ = {
			isa = XCSwiftPackageProductDependency;
			productName = FirebaseAuth;
		};
		1870B0252D8BD224004B827B /* FirebaseAuthCombine-Community */ = {
			isa = XCSwiftPackageProductDependency;
			productName = "FirebaseAuthCombine-Community";
		};
		1870B0272D8BD224004B827B /* FirebaseCore */ = {
			isa = XCSwiftPackageProductDependency;
			productName = FirebaseCore;
		};
		1870B0292D8BD224004B827B /* FirebaseCrashlytics */ = {
			isa = XCSwiftPackageProductDependency;
			productName = FirebaseCrashlytics;
		};
		1870B02B2D8BD224004B827B /* FirebaseDatabase */ = {
			isa = XCSwiftPackageProductDependency;
			productName = FirebaseDatabase;
		};
		1870B02D2D8BD224004B827B /* FirebaseDynamicLinks */ = {
			isa = XCSwiftPackageProductDependency;
			productName = FirebaseDynamicLinks;
		};
		1870B02F2D8BD224004B827B /* FirebaseFirestore */ = {
			isa = XCSwiftPackageProductDependency;
			productName = FirebaseFirestore;
		};
		1870B0312D8BD224004B827B /* FirebaseFirestoreCombine-Community */ = {
			isa = XCSwiftPackageProductDependency;
			productName = "FirebaseFirestoreCombine-Community";
		};
		1870B0332D8BD224004B827B /* FirebaseFunctions */ = {
			isa = XCSwiftPackageProductDependency;
			productName = FirebaseFunctions;
		};
		1870B0352D8BD224004B827B /* FirebaseStorage */ = {
			isa = XCSwiftPackageProductDependency;
			productName = FirebaseStorage;
		};
		1870B0372D8BD224004B827B /* FirebaseStorageCombine-Community */ = {
			isa = XCSwiftPackageProductDependency;
			productName = "FirebaseStorageCombine-Community";
		};
		187FE2592D8EFEE100D58928 /* ShimmerEffect */ = {
			isa = XCSwiftPackageProductDependency;
			package = 187FE2582D8EFEE100D58928 /* XCRemoteSwiftPackageReference "Shimmer-SwiftUI-Modifier" */;
			productName = ShimmerEffect;
		};
		187FE25C2D8F4AAF00D58928 /* Shimmer */ = {
			isa = XCSwiftPackageProductDependency;
			package = 187FE25B2D8F4AAF00D58928 /* XCRemoteSwiftPackageReference "SwiftUI-Shimmer" */;
			productName = Shimmer;
		};
/* End XCSwiftPackageProductDependency section */
	};
	rootObject = 1870AFAB2D8BC85E004B827B /* Project object */;
}
